// !$*UTF8*$!
{
	archiveVersion = 1;
	classes = {
	};
	objectVersion = 56;
	objects = {

/* Begin PBXBuildFile section */
		C7B24775292EEFFE0066427D /* TicTacToeApp.swift in Sources */ = {isa = PBXBuildFile; fileRef = C7B24774292EEFFE0066427D /* TicTacToeApp.swift */; };
		C7B24777292EEFFE0066427D /* GameView.swift in Sources */ = {isa = PBXBuildFile; fileRef = C7B24776292EEFFE0066427D /* GameView.swift */; };
		C7B24779292EEFFF0066427D /* Assets.xcassets in Resources */ = {isa = PBXBuildFile; fileRef = C7B24778292EEFFF0066427D /* Assets.xcassets */; };
		C7B2477C292EEFFF0066427D /* Preview Assets.xcassets in Resources */ = {isa = PBXBuildFile; fileRef = C7B2477B292EEFFF0066427D /* Preview Assets.xcassets */; };
		C7B24786292EEFFF0066427D /* TicTacToeTests.swift in Sources */ = {isa = PBXBuildFile; fileRef = C7B24785292EEFFF0066427D /* TicTacToeTests.swift */; };
		C7B24790292EEFFF0066427D /* TicTacToeUITests.swift in Sources */ = {isa = PBXBuildFile; fileRef = C7B2478F292EEFFF0066427D /* TicTacToeUITests.swift */; };
		C7B24792292EEFFF0066427D /* TicTacToeUITestsLaunchTests.swift in Sources */ = {isa = PBXBuildFile; fileRef = C7B24791292EEFFF0066427D /* TicTacToeUITestsLaunchTests.swift */; };
		C7D6C63B292F0537003CBDBE /* Move.swift in Sources */ = {isa = PBXBuildFile; fileRef = C7D6C63A292F0537003CBDBE /* Move.swift */; };
		C7D6C63D29342F2F003CBDBE /* AlertItem.swift in Sources */ = {isa = PBXBuildFile; fileRef = C7D6C63C29342F2F003CBDBE /* AlertItem.swift */; };
		C7D6C63F29344D89003CBDBE /* GameViewModel.swift in Sources */ = {isa = PBXBuildFile; fileRef = C7D6C63E29344D89003CBDBE /* GameViewModel.swift */; };
		C7D6C641293582B9003CBDBE /* GameSetupView.swift in Sources */ = {isa = PBXBuildFile; fileRef = C7D6C640293582B9003CBDBE /* GameSetupView.swift */; };
		C7D6C6432935837A003CBDBE /* GameModeView.swift in Sources */ = {isa = PBXBuildFile; fileRef = C7D6C6422935837A003CBDBE /* GameModeView.swift */; };
		C7D6C6452935845A003CBDBE /* Color+Extensions.swift in Sources */ = {isa = PBXBuildFile; fileRef = C7D6C6442935845A003CBDBE /* Color+Extensions.swift */; };
		C7D6C647293592C6003CBDBE /* Font+Extensions.swift in Sources */ = {isa = PBXBuildFile; fileRef = C7D6C646293592C6003CBDBE /* Font+Extensions.swift */; };
/* End PBXBuildFile section */

/* Begin PBXContainerItemProxy section */
		C7B24782292EEFFF0066427D /* PBXContainerItemProxy */ = {
			isa = PBXContainerItemProxy;
			containerPortal = C7B24769292EEFFE0066427D /* Project object */;
			proxyType = 1;
			remoteGlobalIDString = C7B24770292EEFFE0066427D;
			remoteInfo = TicTacToe;
		};
		C7B2478C292EEFFF0066427D /* PBXContainerItemProxy */ = {
			isa = PBXContainerItemProxy;
			containerPortal = C7B24769292EEFFE0066427D /* Project object */;
			proxyType = 1;
			remoteGlobalIDString = C7B24770292EEFFE0066427D;
			remoteInfo = TicTacToe;
		};
/* End PBXContainerItemProxy section */

/* Begin PBXFileReference section */
		C7B24771292EEFFE0066427D /* TicTacToe.app */ = {isa = PBXFileReference; explicitFileType = wrapper.application; includeInIndex = 0; path = TicTacToe.app; sourceTree = BUILT_PRODUCTS_DIR; };
		C7B24774292EEFFE0066427D /* TicTacToeApp.swift */ = {isa = PBXFileReference; lastKnownFileType = sourcecode.swift; path = TicTacToeApp.swift; sourceTree = "<group>"; };
		C7B24776292EEFFE0066427D /* GameView.swift */ = {isa = PBXFileReference; lastKnownFileType = sourcecode.swift; path = GameView.swift; sourceTree = "<group>"; };
		C7B24778292EEFFF0066427D /* Assets.xcassets */ = {isa = PBXFileReference; lastKnownFileType = folder.assetcatalog; path = Assets.xcassets; sourceTree = "<group>"; };
		C7B2477B292EEFFF0066427D /* Preview Assets.xcassets */ = {isa = PBXFileReference; lastKnownFileType = folder.assetcatalog; path = "Preview Assets.xcassets"; sourceTree = "<group>"; };
		C7B24781292EEFFF0066427D /* TicTacToeTests.xctest */ = {isa = PBXFileReference; explicitFileType = wrapper.cfbundle; includeInIndex = 0; path = TicTacToeTests.xctest; sourceTree = BUILT_PRODUCTS_DIR; };
		C7B24785292EEFFF0066427D /* TicTacToeTests.swift */ = {isa = PBXFileReference; lastKnownFileType = sourcecode.swift; path = TicTacToeTests.swift; sourceTree = "<group>"; };
		C7B2478B292EEFFF0066427D /* TicTacToeUITests.xctest */ = {isa = PBXFileReference; explicitFileType = wrapper.cfbundle; includeInIndex = 0; path = TicTacToeUITests.xctest; sourceTree = BUILT_PRODUCTS_DIR; };
		C7B2478F292EEFFF0066427D /* TicTacToeUITests.swift */ = {isa = PBXFileReference; lastKnownFileType = sourcecode.swift; path = TicTacToeUITests.swift; sourceTree = "<group>"; };
		C7B24791292EEFFF0066427D /* TicTacToeUITestsLaunchTests.swift */ = {isa = PBXFileReference; lastKnownFileType = sourcecode.swift; path = TicTacToeUITestsLaunchTests.swift; sourceTree = "<group>"; };
		C7D6C63A292F0537003CBDBE /* Move.swift */ = {isa = PBXFileReference; lastKnownFileType = sourcecode.swift; path = Move.swift; sourceTree = "<group>"; };
		C7D6C63C29342F2F003CBDBE /* AlertItem.swift */ = {isa = PBXFileReference; lastKnownFileType = sourcecode.swift; path = AlertItem.swift; sourceTree = "<group>"; };
		C7D6C63E29344D89003CBDBE /* GameViewModel.swift */ = {isa = PBXFileReference; lastKnownFileType = sourcecode.swift; path = GameViewModel.swift; sourceTree = "<group>"; };
		C7D6C640293582B9003CBDBE /* GameSetupView.swift */ = {isa = PBXFileReference; lastKnownFileType = sourcecode.swift; path = GameSetupView.swift; sourceTree = "<group>"; };
		C7D6C6422935837A003CBDBE /* GameModeView.swift */ = {isa = PBXFileReference; lastKnownFileType = sourcecode.swift; path = GameModeView.swift; sourceTree = "<group>"; };
		C7D6C6442935845A003CBDBE /* Color+Extensions.swift */ = {isa = PBXFileReference; lastKnownFileType = sourcecode.swift; path = "Color+Extensions.swift"; sourceTree = "<group>"; };
		C7D6C646293592C6003CBDBE /* Font+Extensions.swift */ = {isa = PBXFileReference; lastKnownFileType = sourcecode.swift; path = "Font+Extensions.swift"; sourceTree = "<group>"; };
/* End PBXFileReference section */

/* Begin PBXFrameworksBuildPhase section */
		C7B2476E292EEFFE0066427D /* Frameworks */ = {
			isa = PBXFrameworksBuildPhase;
			buildActionMask = 2147483647;
			files = (
			);
			runOnlyForDeploymentPostprocessing = 0;
		};
		C7B2477E292EEFFF0066427D /* Frameworks */ = {
			isa = PBXFrameworksBuildPhase;
			buildActionMask = 2147483647;
			files = (
			);
			runOnlyForDeploymentPostprocessing = 0;
		};
		C7B24788292EEFFF0066427D /* Frameworks */ = {
			isa = PBXFrameworksBuildPhase;
			buildActionMask = 2147483647;
			files = (
			);
			runOnlyForDeploymentPostprocessing = 0;
		};
/* End PBXFrameworksBuildPhase section */

/* Begin PBXGroup section */
		C7B24768292EEFFE0066427D = {
			isa = PBXGroup;
			children = (
				C7B24773292EEFFE0066427D /* TicTacToe */,
				C7B24784292EEFFF0066427D /* TicTacToeTests */,
				C7B2478E292EEFFF0066427D /* TicTacToeUITests */,
				C7B24772292EEFFE0066427D /* Products */,
			);
			sourceTree = "<group>";
		};
		C7B24772292EEFFE0066427D /* Products */ = {
			isa = PBXGroup;
			children = (
				C7B24771292EEFFE0066427D /* TicTacToe.app */,
				C7B24781292EEFFF0066427D /* TicTacToeTests.xctest */,
				C7B2478B292EEFFF0066427D /* TicTacToeUITests.xctest */,
			);
			name = Products;
			sourceTree = "<group>";
		};
		C7B24773292EEFFE0066427D /* TicTacToe */ = {
			isa = PBXGroup;
			children = (
				C7B24774292EEFFE0066427D /* TicTacToeApp.swift */,
				C7D6C6422935837A003CBDBE /* GameModeView.swift */,
				C7D6C640293582B9003CBDBE /* GameSetupView.swift */,
				C7B24776292EEFFE0066427D /* GameView.swift */,
				C7D6C63E29344D89003CBDBE /* GameViewModel.swift */,
				C7B24778292EEFFF0066427D /* Assets.xcassets */,
				C7B2477A292EEFFF0066427D /* Preview Content */,
				C7D6C63A292F0537003CBDBE /* Move.swift */,
				C7D6C63C29342F2F003CBDBE /* AlertItem.swift */,
				C7D6C6442935845A003CBDBE /* Color+Extensions.swift */,
				C7D6C646293592C6003CBDBE /* Font+Extensions.swift */,
			);
			path = TicTacToe;
			sourceTree = "<group>";
		};
		C7B2477A292EEFFF0066427D /* Preview Content */ = {
			isa = PBXGroup;
			children = (
				C7B2477B292EEFFF0066427D /* Preview Assets.xcassets */,
			);
			path = "Preview Content";
			sourceTree = "<group>";
		};
		C7B24784292EEFFF0066427D /* TicTacToeTests */ = {
			isa = PBXGroup;
			children = (
				C7B24785292EEFFF0066427D /* TicTacToeTests.swift */,
			);
			path = TicTacToeTests;
			sourceTree = "<group>";
		};
		C7B2478E292EEFFF0066427D /* TicTacToeUITests */ = {
			isa = PBXGroup;
			children = (
				C7B2478F292EEFFF0066427D /* TicTacToeUITests.swift */,
				C7B24791292EEFFF0066427D /* TicTacToeUITestsLaunchTests.swift */,
			);
			path = TicTacToeUITests;
			sourceTree = "<group>";
		};
/* End PBXGroup section */

/* Begin PBXNativeTarget section */
		C7B24770292EEFFE0066427D /* TicTacToe */ = {
			isa = PBXNativeTarget;
			buildConfigurationList = C7B24795292EEFFF0066427D /* Build configuration list for PBXNativeTarget "TicTacToe" */;
			buildPhases = (
				C7B2476D292EEFFE0066427D /* Sources */,
				C7B2476E292EEFFE0066427D /* Frameworks */,
				C7B2476F292EEFFE0066427D /* Resources */,
			);
			buildRules = (
			);
			dependencies = (
			);
			name = TicTacToe;
			productName = TicTacToe;
			productReference = C7B24771292EEFFE0066427D /* TicTacToe.app */;
			productType = "com.apple.product-type.application";
		};
		C7B24780292EEFFF0066427D /* TicTacToeTests */ = {
			isa = PBXNativeTarget;
			buildConfigurationList = C7B24798292EEFFF0066427D /* Build configuration list for PBXNativeTarget "TicTacToeTests" */;
			buildPhases = (
				C7B2477D292EEFFF0066427D /* Sources */,
				C7B2477E292EEFFF0066427D /* Frameworks */,
				C7B2477F292EEFFF0066427D /* Resources */,
			);
			buildRules = (
			);
			dependencies = (
				C7B24783292EEFFF0066427D /* PBXTargetDependency */,
			);
			name = TicTacToeTests;
			productName = TicTacToeTests;
			productReference = C7B24781292EEFFF0066427D /* TicTacToeTests.xctest */;
			productType = "com.apple.product-type.bundle.unit-test";
		};
		C7B2478A292EEFFF0066427D /* TicTacToeUITests */ = {
			isa = PBXNativeTarget;
			buildConfigurationList = C7B2479B292EEFFF0066427D /* Build configuration list for PBXNativeTarget "TicTacToeUITests" */;
			buildPhases = (
				C7B24787292EEFFF0066427D /* Sources */,
				C7B24788292EEFFF0066427D /* Frameworks */,
				C7B24789292EEFFF0066427D /* Resources */,
			);
			buildRules = (
			);
			dependencies = (
				C7B2478D292EEFFF0066427D /* PBXTargetDependency */,
			);
			name = TicTacToeUITests;
			productName = TicTacToeUITests;
			productReference = C7B2478B292EEFFF0066427D /* TicTacToeUITests.xctest */;
			productType = "com.apple.product-type.bundle.ui-testing";
		};
/* End PBXNativeTarget section */

/* Begin PBXProject section */
		C7B24769292EEFFE0066427D /* Project object */ = {
			isa = PBXProject;
			attributes = {
				BuildIndependentTargetsInParallel = 1;
				LastSwiftUpdateCheck = 1410;
				LastUpgradeCheck = 1410;
				TargetAttributes = {
					C7B24770292EEFFE0066427D = {
						CreatedOnToolsVersion = 14.1;
					};
					C7B24780292EEFFF0066427D = {
						CreatedOnToolsVersion = 14.1;
						TestTargetID = C7B24770292EEFFE0066427D;
					};
					C7B2478A292EEFFF0066427D = {
						CreatedOnToolsVersion = 14.1;
						TestTargetID = C7B24770292EEFFE0066427D;
					};
				};
			};
			buildConfigurationList = C7B2476C292EEFFE0066427D /* Build configuration list for PBXProject "TicTacToe" */;
			compatibilityVersion = "Xcode 14.0";
			developmentRegion = en;
			hasScannedForEncodings = 0;
			knownRegions = (
				en,
				Base,
			);
			mainGroup = C7B24768292EEFFE0066427D;
			productRefGroup = C7B24772292EEFFE0066427D /* Products */;
			projectDirPath = "";
			projectRoot = "";
			targets = (
				C7B24770292EEFFE0066427D /* TicTacToe */,
				C7B24780292EEFFF0066427D /* TicTacToeTests */,
				C7B2478A292EEFFF0066427D /* TicTacToeUITests */,
			);
		};
/* End PBXProject section */

/* Begin PBXResourcesBuildPhase section */
		C7B2476F292EEFFE0066427D /* Resources */ = {
			isa = PBXResourcesBuildPhase;
			buildActionMask = 2147483647;
			files = (
				C7B2477C292EEFFF0066427D /* Preview Assets.xcassets in Resources */,
				C7B24779292EEFFF0066427D /* Assets.xcassets in Resources */,
			);
			runOnlyForDeploymentPostprocessing = 0;
		};
		C7B2477F292EEFFF0066427D /* Resources */ = {
			isa = PBXResourcesBuildPhase;
			buildActionMask = 2147483647;
			files = (
			);
			runOnlyForDeploymentPostprocessing = 0;
		};
		C7B24789292EEFFF0066427D /* Resources */ = {
			isa = PBXResourcesBuildPhase;
			buildActionMask = 2147483647;
			files = (
			);
			runOnlyForDeploymentPostprocessing = 0;
		};
/* End PBXResourcesBuildPhase section */

/* Begin PBXSourcesBuildPhase section */
		C7B2476D292EEFFE0066427D /* Sources */ = {
			isa = PBXSourcesBuildPhase;
			buildActionMask = 2147483647;
			files = (
				C7D6C647293592C6003CBDBE /* Font+Extensions.swift in Sources */,
				C7B24777292EEFFE0066427D /* GameView.swift in Sources */,
				C7D6C6432935837A003CBDBE /* GameModeView.swift in Sources */,
				C7D6C63D29342F2F003CBDBE /* AlertItem.swift in Sources */,
				C7D6C6452935845A003CBDBE /* Color+Extensions.swift in Sources */,
				C7D6C63B292F0537003CBDBE /* Move.swift in Sources */,
				C7D6C63F29344D89003CBDBE /* GameViewModel.swift in Sources */,
				C7D6C641293582B9003CBDBE /* GameSetupView.swift in Sources */,
				C7B24775292EEFFE0066427D /* TicTacToeApp.swift in Sources */,
			);
			runOnlyForDeploymentPostprocessing = 0;
		};
		C7B2477D292EEFFF0066427D /* Sources */ = {
			isa = PBXSourcesBuildPhase;
			buildActionMask = 2147483647;
			files = (
				C7B24786292EEFFF0066427D /* TicTacToeTests.swift in Sources */,
			);
			runOnlyForDeploymentPostprocessing = 0;
		};
		C7B24787292EEFFF0066427D /* Sources */ = {
			isa = PBXSourcesBuildPhase;
			buildActionMask = 2147483647;
			files = (
				C7B24790292EEFFF0066427D /* TicTacToeUITests.swift in Sources */,
				C7B24792292EEFFF0066427D /* TicTacToeUITestsLaunchTests.swift in Sources */,
			);
			runOnlyForDeploymentPostprocessing = 0;
		};
/* End PBXSourcesBuildPhase section */

/* Begin PBXTargetDependency section */
		C7B24783292EEFFF0066427D /* PBXTargetDependency */ = {
			isa = PBXTargetDependency;
			target = C7B24770292EEFFE0066427D /* TicTacToe */;
			targetProxy = C7B24782292EEFFF0066427D /* PBXContainerItemProxy */;
		};
		C7B2478D292EEFFF0066427D /* PBXTargetDependency */ = {
			isa = PBXTargetDependency;
			target = C7B24770292EEFFE0066427D /* TicTacToe */;
			targetProxy = C7B2478C292EEFFF0066427D /* PBXContainerItemProxy */;
		};
/* End PBXTargetDependency section */

/* Begin XCBuildConfiguration section */
		C7B24793292EEFFF0066427D /* Debug */ = {
			isa = XCBuildConfiguration;
			buildSettings = {
				ALWAYS_SEARCH_USER_PATHS = NO;
				CLANG_ANALYZER_NONNULL = YES;
				CLANG_ANALYZER_NUMBER_OBJECT_CONVERSION = YES_AGGRESSIVE;
				CLANG_CXX_LANGUAGE_STANDARD = "gnu++20";
				CLANG_ENABLE_MODULES = YES;
				CLANG_ENABLE_OBJC_ARC = YES;
				CLANG_ENABLE_OBJC_WEAK = YES;
				CLANG_WARN_BLOCK_CAPTURE_AUTORELEASING = YES;
				CLANG_WARN_BOOL_CONVERSION = YES;
				CLANG_WARN_COMMA = YES;
				CLANG_WARN_CONSTANT_CONVERSION = YES;
				CLANG_WARN_DEPRECATED_OBJC_IMPLEMENTATIONS = YES;
				CLANG_WARN_DIRECT_OBJC_ISA_USAGE = YES_ERROR;
				CLANG_WARN_DOCUMENTATION_COMMENTS = YES;
				CLANG_WARN_EMPTY_BODY = YES;
				CLANG_WARN_ENUM_CONVERSION = YES;
				CLANG_WARN_INFINITE_RECURSION = YES;
				CLANG_WARN_INT_CONVERSION = YES;
				CLANG_WARN_NON_LITERAL_NULL_CONVERSION = YES;
				CLANG_WARN_OBJC_IMPLICIT_RETAIN_SELF = YES;
				CLANG_WARN_OBJC_LITERAL_CONVERSION = YES;
				CLANG_WARN_OBJC_ROOT_CLASS = YES_ERROR;
				CLANG_WARN_QUOTED_INCLUDE_IN_FRAMEWORK_HEADER = YES;
				CLANG_WARN_RANGE_LOOP_ANALYSIS = YES;
				CLANG_WARN_STRICT_PROTOTYPES = YES;
				CLANG_WARN_SUSPICIOUS_MOVE = YES;
				CLANG_WARN_UNGUARDED_AVAILABILITY = YES_AGGRESSIVE;
				CLANG_WARN_UNREACHABLE_CODE = YES;
				CLANG_WARN__DUPLICATE_METHOD_MATCH = YES;
				COPY_PHASE_STRIP = NO;
				DEBUG_INFORMATION_FORMAT = dwarf;
				ENABLE_STRICT_OBJC_MSGSEND = YES;
				ENABLE_TESTABILITY = YES;
				GCC_C_LANGUAGE_STANDARD = gnu11;
				GCC_DYNAMIC_NO_PIC = NO;
				GCC_NO_COMMON_BLOCKS = YES;
				GCC_OPTIMIZATION_LEVEL = 0;
				GCC_PREPROCESSOR_DEFINITIONS = (
					"DEBUG=1",
					"$(inherited)",
				);
				GCC_WARN_64_TO_32_BIT_CONVERSION = YES;
				GCC_WARN_ABOUT_RETURN_TYPE = YES_ERROR;
				GCC_WARN_UNDECLARED_SELECTOR = YES;
				GCC_WARN_UNINITIALIZED_AUTOS = YES_AGGRESSIVE;
				GCC_WARN_UNUSED_FUNCTION = YES;
				GCC_WARN_UNUSED_VARIABLE = YES;
				IPHONEOS_DEPLOYMENT_TARGET = 16.1;
				MTL_ENABLE_DEBUG_INFO = INCLUDE_SOURCE;
				MTL_FAST_MATH = YES;
				ONLY_ACTIVE_ARCH = YES;
				SDKROOT = iphoneos;
				SWIFT_ACTIVE_COMPILATION_CONDITIONS = DEBUG;
				SWIFT_OPTIMIZATION_LEVEL = "-Onone";
			};
			name = Debug;
		};
		C7B24794292EEFFF0066427D /* Release */ = {
			isa = XCBuildConfiguration;
			buildSettings = {
				ALWAYS_SEARCH_USER_PATHS = NO;
				CLANG_ANALYZER_NONNULL = YES;
				CLANG_ANALYZER_NUMBER_OBJECT_CONVERSION = YES_AGGRESSIVE;
				CLANG_CXX_LANGUAGE_STANDARD = "gnu++20";
				CLANG_ENABLE_MODULES = YES;
				CLANG_ENABLE_OBJC_ARC = YES;
				CLANG_ENABLE_OBJC_WEAK = YES;
				CLANG_WARN_BLOCK_CAPTURE_AUTORELEASING = YES;
				CLANG_WARN_BOOL_CONVERSION = YES;
				CLANG_WARN_COMMA = YES;
				CLANG_WARN_CONSTANT_CONVERSION = YES;
				CLANG_WARN_DEPRECATED_OBJC_IMPLEMENTATIONS = YES;
				CLANG_WARN_DIRECT_OBJC_ISA_USAGE = YES_ERROR;
				CLANG_WARN_DOCUMENTATION_COMMENTS = YES;
				CLANG_WARN_EMPTY_BODY = YES;
				CLANG_WARN_ENUM_CONVERSION = YES;
				CLANG_WARN_INFINITE_RECURSION = YES;
				CLANG_WARN_INT_CONVERSION = YES;
				CLANG_WARN_NON_LITERAL_NULL_CONVERSION = YES;
				CLANG_WARN_OBJC_IMPLICIT_RETAIN_SELF = YES;
				CLANG_WARN_OBJC_LITERAL_CONVERSION = YES;
				CLANG_WARN_OBJC_ROOT_CLASS = YES_ERROR;
				CLANG_WARN_QUOTED_INCLUDE_IN_FRAMEWORK_HEADER = YES;
				CLANG_WARN_RANGE_LOOP_ANALYSIS = YES;
				CLANG_WARN_STRICT_PROTOTYPES = YES;
				CLANG_WARN_SUSPICIOUS_MOVE = YES;
				CLANG_WARN_UNGUARDED_AVAILABILITY = YES_AGGRESSIVE;
				CLANG_WARN_UNREACHABLE_CODE = YES;
				CLANG_WARN__DUPLICATE_METHOD_MATCH = YES;
				COPY_PHASE_STRIP = NO;
				DEBUG_INFORMATION_FORMAT = "dwarf-with-dsym";
				ENABLE_NS_ASSERTIONS = NO;
				ENABLE_STRICT_OBJC_MSGSEND = YES;
				GCC_C_LANGUAGE_STANDARD = gnu11;
				GCC_NO_COMMON_BLOCKS = YES;
				GCC_WARN_64_TO_32_BIT_CONVERSION = YES;
				GCC_WARN_ABOUT_RETURN_TYPE = YES_ERROR;
				GCC_WARN_UNDECLARED_SELECTOR = YES;
				GCC_WARN_UNINITIALIZED_AUTOS = YES_AGGRESSIVE;
				GCC_WARN_UNUSED_FUNCTION = YES;
				GCC_WARN_UNUSED_VARIABLE = YES;
				IPHONEOS_DEPLOYMENT_TARGET = 16.1;
				MTL_ENABLE_DEBUG_INFO = NO;
				MTL_FAST_MATH = YES;
				SDKROOT = iphoneos;
				SWIFT_COMPILATION_MODE = wholemodule;
				SWIFT_OPTIMIZATION_LEVEL = "-O";
				VALIDATE_PRODUCT = YES;
			};
			name = Release;
		};
		C7B24796292EEFFF0066427D /* Debug */ = {
			isa = XCBuildConfiguration;
			buildSettings = {
				ASSETCATALOG_COMPILER_APPICON_NAME = AppIcon;
				ASSETCATALOG_COMPILER_GLOBAL_ACCENT_COLOR_NAME = AccentColor;
				CODE_SIGN_STYLE = Automatic;
				CURRENT_PROJECT_VERSION = 1;
				DEVELOPMENT_ASSET_PATHS = "\"TicTacToe/Preview Content\"";
				DEVELOPMENT_TEAM = 8R5SSX8RV5;
				ENABLE_PREVIEWS = YES;
				GENERATE_INFOPLIST_FILE = YES;
				INFOPLIST_KEY_UIApplicationSceneManifest_Generation = YES;
				INFOPLIST_KEY_UIApplicationSupportsIndirectInputEvents = YES;
				INFOPLIST_KEY_UILaunchScreen_Generation = YES;
				INFOPLIST_KEY_UISupportedInterfaceOrientations_iPad = "UIInterfaceOrientationPortrait UIInterfaceOrientationPortraitUpsideDown UIInterfaceOrientationLandscapeLeft UIInterfaceOrientationLandscapeRight";
				INFOPLIST_KEY_UISupportedInterfaceOrientations_iPhone = "UIInterfaceOrientationPortrait UIInterfaceOrientationLandscapeLeft UIInterfaceOrientationLandscapeRight";
				LD_RUNPATH_SEARCH_PATHS = (
					"$(inherited)",
					"@executable_path/Frameworks",
				);
				MARKETING_VERSION = 1.0;
				PRODUCT_BUNDLE_IDENTIFIER = com.ClaireZhang.TicTacToe;
				PRODUCT_NAME = "$(TARGET_NAME)";
				SWIFT_EMIT_LOC_STRINGS = YES;
				SWIFT_VERSION = 5.0;
				TARGETED_DEVICE_FAMILY = "1,2";
			};
			name = Debug;
		};
		C7B24797292EEFFF0066427D /* Release */ = {
			isa = XCBuildConfiguration;
			buildSettings = {
				ASSETCATALOG_COMPILER_APPICON_NAME = AppIcon;
				ASSETCATALOG_COMPILER_GLOBAL_ACCENT_COLOR_NAME = AccentColor;
				CODE_SIGN_STYLE = Automatic;
				CURRENT_PROJECT_VERSION = 1;
				DEVELOPMENT_ASSET_PATHS = "\"TicTacToe/Preview Content\"";
				DEVELOPMENT_TEAM = 8R5SSX8RV5;
				ENABLE_PREVIEWS = YES;
				GENERATE_INFOPLIST_FILE = YES;
				INFOPLIST_KEY_UIApplicationSceneManifest_Generation = YES;
				INFOPLIST_KEY_UIApplicationSupportsIndirectInputEvents = YES;
				INFOPLIST_KEY_UILaunchScreen_Generation = YES;
				INFOPLIST_KEY_UISupportedInterfaceOrientations_iPad = "UIInterfaceOrientationPortrait UIInterfaceOrientationPortraitUpsideDown UIInterfaceOrientationLandscapeLeft UIInterfaceOrientationLandscapeRight";
				INFOPLIST_KEY_UISupportedInterfaceOrientations_iPhone = "UIInterfaceOrientationPortrait UIInterfaceOrientationLandscapeLeft UIInterfaceOrientationLandscapeRight";
				LD_RUNPATH_SEARCH_PATHS = (
					"$(inherited)",
					"@executable_path/Frameworks",
				);
				MARKETING_VERSION = 1.0;
				PRODUCT_BUNDLE_IDENTIFIER = com.ClaireZhang.TicTacToe;
				PRODUCT_NAME = "$(TARGET_NAME)";
				SWIFT_EMIT_LOC_STRINGS = YES;
				SWIFT_VERSION = 5.0;
				TARGETED_DEVICE_FAMILY = "1,2";
			};
			name = Release;
		};
		C7B24799292EEFFF0066427D /* Debug */ = {
			isa = XCBuildConfiguration;
			buildSettings = {
				ALWAYS_EMBED_SWIFT_STANDARD_LIBRARIES = YES;
				BUNDLE_LOADER = "$(TEST_HOST)";
				CODE_SIGN_STYLE = Automatic;
				CURRENT_PROJECT_VERSION = 1;
				DEVELOPMENT_TEAM = 8R5SSX8RV5;
				GENERATE_INFOPLIST_FILE = YES;
				IPHONEOS_DEPLOYMENT_TARGET = 16.1;
				MARKETING_VERSION = 1.0;
				PRODUCT_BUNDLE_IDENTIFIER = com.ClaireZhang.TicTacToeTests;
				PRODUCT_NAME = "$(TARGET_NAME)";
				SWIFT_EMIT_LOC_STRINGS = NO;
				SWIFT_VERSION = 5.0;
				TARGETED_DEVICE_FAMILY = "1,2";
				TEST_HOST = "$(BUILT_PRODUCTS_DIR)/TicTacToe.app/$(BUNDLE_EXECUTABLE_FOLDER_PATH)/TicTacToe";
			};
			name = Debug;
		};
		C7B2479A292EEFFF0066427D /* Release */ = {
			isa = XCBuildConfiguration;
			buildSettings = {
				ALWAYS_EMBED_SWIFT_STANDARD_LIBRARIES = YES;
				BUNDLE_LOADER = "$(TEST_HOST)";
				CODE_SIGN_STYLE = Automatic;
				CURRENT_PROJECT_VERSION = 1;
				DEVELOPMENT_TEAM = 8R5SSX8RV5;
				GENERATE_INFOPLIST_FILE = YES;
				IPHONEOS_DEPLOYMENT_TARGET = 16.1;
				MARKETING_VERSION = 1.0;
				PRODUCT_BUNDLE_IDENTIFIER = com.ClaireZhang.TicTacToeTests;
				PRODUCT_NAME = "$(TARGET_NAME)";
				SWIFT_EMIT_LOC_STRINGS = NO;
				SWIFT_VERSION = 5.0;
				TARGETED_DEVICE_FAMILY = "1,2";
				TEST_HOST = "$(BUILT_PRODUCTS_DIR)/TicTacToe.app/$(BUNDLE_EXECUTABLE_FOLDER_PATH)/TicTacToe";
			};
			name = Release;
		};
		C7B2479C292EEFFF0066427D /* Debug */ = {
			isa = XCBuildConfiguration;
			buildSettings = {
				ALWAYS_EMBED_SWIFT_STANDARD_LIBRARIES = YES;
				CODE_SIGN_STYLE = Automatic;
				CURRENT_PROJECT_VERSION = 1;
				DEVELOPMENT_TEAM = 8R5SSX8RV5;
				GENERATE_INFOPLIST_FILE = YES;
				MARKETING_VERSION = 1.0;
				PRODUCT_BUNDLE_IDENTIFIER = com.ClaireZhang.TicTacToeUITests;
				PRODUCT_NAME = "$(TARGET_NAME)";
				SWIFT_EMIT_LOC_STRINGS = NO;
				SWIFT_VERSION = 5.0;
				TARGETED_DEVICE_FAMILY = "1,2";
				TEST_TARGET_NAME = TicTacToe;
			};
			name = Debug;
		};
		C7B2479D292EEFFF0066427D /* Release */ = {
			isa = XCBuildConfiguration;
			buildSettings = {
				ALWAYS_EMBED_SWIFT_STANDARD_LIBRARIES = YES;
				CODE_SIGN_STYLE = Automatic;
				CURRENT_PROJECT_VERSION = 1;
				DEVELOPMENT_TEAM = 8R5SSX8RV5;
				GENERATE_INFOPLIST_FILE = YES;
				MARKETING_VERSION = 1.0;
				PRODUCT_BUNDLE_IDENTIFIER = com.ClaireZhang.TicTacToeUITests;
				PRODUCT_NAME = "$(TARGET_NAME)";
				SWIFT_EMIT_LOC_STRINGS = NO;
				SWIFT_VERSION = 5.0;
				TARGETED_DEVICE_FAMILY = "1,2";
				TEST_TARGET_NAME = TicTacToe;
			};
			name = Release;
		};
/* End XCBuildConfiguration section */

/* Begin XCConfigurationList section */
		C7B2476C292EEFFE0066427D /* Build configuration list for PBXProject "TicTacToe" */ = {
			isa = XCConfigurationList;
			buildConfigurations = (
				C7B24793292EEFFF0066427D /* Debug */,
				C7B24794292EEFFF0066427D /* Release */,
			);
			defaultConfigurationIsVisible = 0;
			defaultConfigurationName = Release;
		};
		C7B24795292EEFFF0066427D /* Build configuration list for PBXNativeTarget "TicTacToe" */ = {
			isa = XCConfigurationList;
			buildConfigurations = (
				C7B24796292EEFFF0066427D /* Debug */,
				C7B24797292EEFFF0066427D /* Release */,
			);
			defaultConfigurationIsVisible = 0;
			defaultConfigurationName = Release;
		};
		C7B24798292EEFFF0066427D /* Build configuration list for PBXNativeTarget "TicTacToeTests" */ = {
			isa = XCConfigurationList;
			buildConfigurations = (
				C7B24799292EEFFF0066427D /* Debug */,
				C7B2479A292EEFFF0066427D /* Release */,
			);
			defaultConfigurationIsVisible = 0;
			defaultConfigurationName = Release;
		};
		C7B2479B292EEFFF0066427D /* Build configuration list for PBXNativeTarget "TicTacToeUITests" */ = {
			isa = XCConfigurationList;
			buildConfigurations = (
				C7B2479C292EEFFF0066427D /* Debug */,
				C7B2479D292EEFFF0066427D /* Release */,
			);
			defaultConfigurationIsVisible = 0;
			defaultConfigurationName = Release;
		};
/* End XCConfigurationList section */
	};
	rootObject = C7B24769292EEFFE0066427D /* Project object */;
}
